
Microsoft Visual Studio Solution File, Format Version 12.00
# Visual Studio Version 17
VisualStudioVersion = 17.11.35303.130
MinimumVisualStudioVersion = 10.0.40219.1
Project("{9A19103F-16F7-4668-BE54-9A1E7A4F7556}") = "ASP", "ASP\ASP.csproj", "{4241FF15-79CD-49CA-90E3-0B917A3B6F3F}"
EndProject
Project("{FAE04EC0-301F-11D3-BF4B-00C04F79EFBC}") = "ENT", "ENT\ENT.csproj", "{441CBB2B-BCCE-4B82-A806-A209EFE9F66B}"
EndProject
Project("{FAE04EC0-301F-11D3-BF4B-00C04F79EFBC}") = "DAL", "DAL\DAL.csproj", "{1750E829-679A-418E-BFA5-6BFD2A93BF6D}"
EndProject
Project("{FAE04EC0-301F-11D3-BF4B-00C04F79EFBC}") = "BL", "BL\BL.csproj", "{AC5375B1-9171-405A-B823-88C1E85C0CA8}"
EndProject
Global
	GlobalSection(SolutionConfigurationPlatforms) = preSolution
		Debug|Any CPU = Debug|Any CPU
		Release|Any CPU = Release|Any CPU
	EndGlobalSection
	GlobalSection(ProjectConfigurationPlatforms) = postSolution
		{4241FF15-79CD-49CA-90E3-0B917A3B6F3F}.Debug|Any CPU.ActiveCfg = Debug|Any CPU
		{4241FF15-79CD-49CA-90E3-0B917A3B6F3F}.Debug|Any CPU.Build.0 = Debug|Any CPU
		{4241FF15-79CD-49CA-90E3-0B917A3B6F3F}.Release|Any CPU.ActiveCfg = Release|Any CPU
		{4241FF15-79CD-49CA-90E3-0B917A3B6F3F}.Release|Any CPU.Build.0 = Release|Any CPU
		{441CBB2B-BCCE-4B82-A806-A209EFE9F66B}.Debug|Any CPU.ActiveCfg = Debug|Any CPU
		{441CBB2B-BCCE-4B82-A806-A209EFE9F66B}.Debug|Any CPU.Build.0 = Debug|Any CPU
		{441CBB2B-BCCE-4B82-A806-A209EFE9F66B}.Release|Any CPU.ActiveCfg = Release|Any CPU
		{441CBB2B-BCCE-4B82-A806-A209EFE9F66B}.Release|Any CPU.Build.0 = Release|Any CPU
		{1750E829-679A-418E-BFA5-6BFD2A93BF6D}.Debug|Any CPU.ActiveCfg = Debug|Any CPU
		{1750E829-679A-418E-BFA5-6BFD2A93BF6D}.Debug|Any CPU.Build.0 = Debug|Any CPU
		{1750E829-679A-418E-BFA5-6BFD2A93BF6D}.Release|Any CPU.ActiveCfg = Release|Any CPU
		{1750E829-679A-418E-BFA5-6BFD2A93BF6D}.Release|Any CPU.Build.0 = Release|Any CPU
		{AC5375B1-9171-405A-B823-88C1E85C0CA8}.Debug|Any CPU.ActiveCfg = Debug|Any CPU
		{AC5375B1-9171-405A-B823-88C1E85C0CA8}.Debug|Any CPU.Build.0 = Debug|Any CPU
		{AC5375B1-9171-405A-B823-88C1E85C0CA8}.Release|Any CPU.ActiveCfg = Release|Any CPU
		{AC5375B1-9171-405A-B823-88C1E85C0CA8}.Release|Any CPU.Build.0 = Release|Any CPU
	EndGlobalSection
	GlobalSection(SolutionProperties) = preSolution
		HideSolutionNode = FALSE
	EndGlobalSection
	GlobalSection(ExtensibilityGlobals) = postSolution
		SolutionGuid = {5C2DD75F-5FAF-4CCC-AAA0-85AD40EFC04C}
	EndGlobalSection
EndGlobal
